
Microsoft Visual Studio Solution File, Format Version 12.00
# Visual Studio Version 17
VisualStudioVersion = 17.7.34031.279
MinimumVisualStudioVersion = 10.0.40219.1
Project("{FAE04EC0-301F-11D3-BF4B-00C04F79EFBC}") = "HackerNewsRetrieverApi", "HackerNewsRetrieverApi\HackerNewsRetrieverApi.csproj", "{0ED72C1F-2FA7-4F3E-8675-46F0F1570AB8}"
EndProject
Global
	GlobalSection(SolutionConfigurationPlatforms) = preSolution
		Debug|Any CPU = Debug|Any CPU
		Release|Any CPU = Release|Any CPU
	EndGlobalSection
	GlobalSection(ProjectConfigurationPlatforms) = postSolution
		{0ED72C1F-2FA7-4F3E-8675-46F0F1570AB8}.Debug|Any CPU.ActiveCfg = Debug|Any CPU
		{0ED72C1F-2FA7-4F3E-8675-46F0F1570AB8}.Debug|Any CPU.Build.0 = Debug|Any CPU
		{0ED72C1F-2FA7-4F3E-8675-46F0F1570AB8}.Release|Any CPU.ActiveCfg = Release|Any CPU
		{0ED72C1F-2FA7-4F3E-8675-46F0F1570AB8}.Release|Any CPU.Build.0 = Release|Any CPU
	EndGlobalSection
	GlobalSection(SolutionProperties) = preSolution
		HideSolutionNode = FALSE
	EndGlobalSection
	GlobalSection(ExtensibilityGlobals) = postSolution
		SolutionGuid = {88CA1E1A-B374-4B8F-95AF-A509B0CDCB55}
	EndGlobalSection
EndGlobal
